
Microsoft Visual Studio Solution File, Format Version 12.00
# Visual Studio Version 17
VisualStudioVersion = 17.14.36408.4 d17.14
MinimumVisualStudioVersion = 10.0.40219.1
Project("{FAE04EC0-301F-11D3-BF4B-00C04F79EFBC}") = "ATM_Projesi", "ATM_Projesi\ATM_Projesi.csproj", "{4B8917D1-62D3-41B1-8040-BDE900914313}"
EndProject
Global
	GlobalSection(SolutionConfigurationPlatforms) = preSolution
		Debug|Any CPU = Debug|Any CPU
		Release|Any CPU = Release|Any CPU
	EndGlobalSection
	GlobalSection(ProjectConfigurationPlatforms) = postSolution
		{4B8917D1-62D3-41B1-8040-BDE900914313}.Debug|Any CPU.ActiveCfg = Debug|Any CPU
		{4B8917D1-62D3-41B1-8040-BDE900914313}.Debug|Any CPU.Build.0 = Debug|Any CPU
		{4B8917D1-62D3-41B1-8040-BDE900914313}.Release|Any CPU.ActiveCfg = Release|Any CPU
		{4B8917D1-62D3-41B1-8040-BDE900914313}.Release|Any CPU.Build.0 = Release|Any CPU
	EndGlobalSection
	GlobalSection(SolutionProperties) = preSolution
		HideSolutionNode = FALSE
	EndGlobalSection
	GlobalSection(ExtensibilityGlobals) = postSolution
		SolutionGuid = {58F0BE12-CB9B-459C-8FAD-567089661BED}
	EndGlobalSection
EndGlobal
